Microsoft Visual Studio Solution File, Format Version 11.00
# Visual Studio 2008

Project("{DF38EF7E-770C-58A5-FB70-525028CF8796}") = "BusinessBreakfast", "Assembly-CSharp-firstpass.csproj", "{CEC11A0A-B384-EC2B-DE57-41987FADA651}"
EndProject
Project("{DF38EF7E-770C-58A5-FB70-525028CF8796}") = "BusinessBreakfast", "Assembly-CSharp.csproj", "{74972211-0712-4C80-0606-A9D811E93378}"
EndProject
Project("{DF38EF7E-770C-58A5-FB70-525028CF8796}") = "BusinessBreakfast", "Assembly-CSharp-Editor.csproj", "{CC67CB1E-864A-37AC-5B67-AD8FFB66F21F}"
EndProject
Global
	GlobalSection(SolutionConfigurationPlatforms) = preSolution
		Debug|Any CPU = Debug|Any CPU
		Release|Any CPU = Release|Any CPU
	EndGlobalSection
	GlobalSection(ProjectConfigurationPlatforms) = postSolution
		{CEC11A0A-B384-EC2B-DE57-41987FADA651}.Debug|Any CPU.ActiveCfg = Debug|Any CPU
		{CEC11A0A-B384-EC2B-DE57-41987FADA651}.Debug|Any CPU.Build.0 = Debug|Any CPU
		{CEC11A0A-B384-EC2B-DE57-41987FADA651}.Release|Any CPU.ActiveCfg = Release|Any CPU
		{CEC11A0A-B384-EC2B-DE57-41987FADA651}.Release|Any CPU.Build.0 = Release|Any CPU
		{74972211-0712-4C80-0606-A9D811E93378}.Debug|Any CPU.ActiveCfg = Debug|Any CPU
		{74972211-0712-4C80-0606-A9D811E93378}.Debug|Any CPU.Build.0 = Debug|Any CPU
		{74972211-0712-4C80-0606-A9D811E93378}.Release|Any CPU.ActiveCfg = Release|Any CPU
		{74972211-0712-4C80-0606-A9D811E93378}.Release|Any CPU.Build.0 = Release|Any CPU
		{CC67CB1E-864A-37AC-5B67-AD8FFB66F21F}.Debug|Any CPU.ActiveCfg = Debug|Any CPU
		{CC67CB1E-864A-37AC-5B67-AD8FFB66F21F}.Debug|Any CPU.Build.0 = Debug|Any CPU
		{CC67CB1E-864A-37AC-5B67-AD8FFB66F21F}.Release|Any CPU.ActiveCfg = Release|Any CPU
		{CC67CB1E-864A-37AC-5B67-AD8FFB66F21F}.Release|Any CPU.Build.0 = Release|Any CPU
	EndGlobalSection
	GlobalSection(SolutionProperties) = preSolution
		HideSolutionNode = FALSE
	EndGlobalSection
	GlobalSection(MonoDevelopProperties) = preSolution
		StartupItem = Assembly-CSharp.csproj
	EndGlobalSection
EndGlobal
